// !$*UTF8*$!
{
	archiveVersion = 1;
	classes = {
	};
	objectVersion = 56;
	objects = {

/* Begin PBXBuildFile section */
		92B042572C578E660066B69A /* MovieFinderApp.swift in Sources */ = {isa = PBXBuildFile; fileRef = 92B042562C578E660066B69A /* MovieFinderApp.swift */; };
		92B042592C578E660066B69A /* ContentView.swift in Sources */ = {isa = PBXBuildFile; fileRef = 92B042582C578E660066B69A /* ContentView.swift */; };
		92B0425B2C578E670066B69A /* Assets.xcassets in Resources */ = {isa = PBXBuildFile; fileRef = 92B0425A2C578E670066B69A /* Assets.xcassets */; };
		92B0425E2C578E670066B69A /* Preview Assets.xcassets in Resources */ = {isa = PBXBuildFile; fileRef = 92B0425D2C578E670066B69A /* Preview Assets.xcassets */; };
		92B042672C57AF900066B69A /* MovieModels.swift in Sources */ = {isa = PBXBuildFile; fileRef = 92B042662C57AF900066B69A /* MovieModels.swift */; };
		92B0426A2C57B3FD0066B69A /* MoviesListViewModel.swift in Sources */ = {isa = PBXBuildFile; fileRef = 92B042692C57B3FD0066B69A /* MoviesListViewModel.swift */; };
		92B0426D2C57DC5B0066B69A /* apiConfig.swift in Sources */ = {isa = PBXBuildFile; fileRef = 92B0426C2C57DC5B0066B69A /* apiConfig.swift */; };
		92B042712C57DF180066B69A /* MoviesListView.swift in Sources */ = {isa = PBXBuildFile; fileRef = 92B042702C57DF180066B69A /* MoviesListView.swift */; };
		92F2A6162C58D23D005014C6 /* MovieDetailView.swift in Sources */ = {isa = PBXBuildFile; fileRef = 92F2A6152C58D23D005014C6 /* MovieDetailView.swift */; };
		92F2A6182C58D4DF005014C6 /* MovieDetailViewModel.swift in Sources */ = {isa = PBXBuildFile; fileRef = 92F2A6172C58D4DF005014C6 /* MovieDetailViewModel.swift */; };
		92F2A61A2C58FCA4005014C6 /* MovieListItemView.swift in Sources */ = {isa = PBXBuildFile; fileRef = 92F2A6192C58FCA4005014C6 /* MovieListItemView.swift */; };
/* End PBXBuildFile section */

/* Begin PBXFileReference section */
		92B042532C578E660066B69A /* MovieFinder.app */ = {isa = PBXFileReference; explicitFileType = wrapper.application; includeInIndex = 0; path = MovieFinder.app; sourceTree = BUILT_PRODUCTS_DIR; };
		92B042562C578E660066B69A /* MovieFinderApp.swift */ = {isa = PBXFileReference; lastKnownFileType = sourcecode.swift; path = MovieFinderApp.swift; sourceTree = "<group>"; };
		92B042582C578E660066B69A /* ContentView.swift */ = {isa = PBXFileReference; lastKnownFileType = sourcecode.swift; path = ContentView.swift; sourceTree = "<group>"; };
		92B0425A2C578E670066B69A /* Assets.xcassets */ = {isa = PBXFileReference; lastKnownFileType = folder.assetcatalog; path = Assets.xcassets; sourceTree = "<group>"; };
		92B0425D2C578E670066B69A /* Preview Assets.xcassets */ = {isa = PBXFileReference; lastKnownFileType = folder.assetcatalog; path = "Preview Assets.xcassets"; sourceTree = "<group>"; };
		92B042642C579EA40066B69A /* Info.plist */ = {isa = PBXFileReference; lastKnownFileType = text.plist; path = Info.plist; sourceTree = "<group>"; };
		92B042662C57AF900066B69A /* MovieModels.swift */ = {isa = PBXFileReference; lastKnownFileType = sourcecode.swift; path = MovieModels.swift; sourceTree = "<group>"; };
		92B042692C57B3FD0066B69A /* MoviesListViewModel.swift */ = {isa = PBXFileReference; lastKnownFileType = sourcecode.swift; path = MoviesListViewModel.swift; sourceTree = "<group>"; };
		92B0426C2C57DC5B0066B69A /* apiConfig.swift */ = {isa = PBXFileReference; lastKnownFileType = sourcecode.swift; path = apiConfig.swift; sourceTree = "<group>"; };
		92B042702C57DF180066B69A /* MoviesListView.swift */ = {isa = PBXFileReference; lastKnownFileType = sourcecode.swift; path = MoviesListView.swift; sourceTree = "<group>"; };
		92F2A6152C58D23D005014C6 /* MovieDetailView.swift */ = {isa = PBXFileReference; lastKnownFileType = sourcecode.swift; path = MovieDetailView.swift; sourceTree = "<group>"; };
		92F2A6172C58D4DF005014C6 /* MovieDetailViewModel.swift */ = {isa = PBXFileReference; lastKnownFileType = sourcecode.swift; path = MovieDetailViewModel.swift; sourceTree = "<group>"; };
		92F2A6192C58FCA4005014C6 /* MovieListItemView.swift */ = {isa = PBXFileReference; lastKnownFileType = sourcecode.swift; path = MovieListItemView.swift; sourceTree = "<group>"; };
/* End PBXFileReference section */

/* Begin PBXFrameworksBuildPhase section */
		92B042502C578E660066B69A /* Frameworks */ = {
			isa = PBXFrameworksBuildPhase;
			buildActionMask = 2147483647;
			files = (
			);
			runOnlyForDeploymentPostprocessing = 0;
		};
/* End PBXFrameworksBuildPhase section */

/* Begin PBXGroup section */
		92B0424A2C578E660066B69A = {
			isa = PBXGroup;
			children = (
				92B042552C578E660066B69A /* MovieFinder */,
				92B042542C578E660066B69A /* Products */,
			);
			sourceTree = "<group>";
		};
		92B042542C578E660066B69A /* Products */ = {
			isa = PBXGroup;
			children = (
				92B042532C578E660066B69A /* MovieFinder.app */,
			);
			name = Products;
			sourceTree = "<group>";
		};
		92B042552C578E660066B69A /* MovieFinder */ = {
			isa = PBXGroup;
			children = (
				92B0426B2C57DC450066B69A /* Configurations */,
				92B042682C57B3870066B69A /* Views */,
				92B042652C57AF710066B69A /* Models */,
				92B042642C579EA40066B69A /* Info.plist */,
				92B042562C578E660066B69A /* MovieFinderApp.swift */,
				92B0425A2C578E670066B69A /* Assets.xcassets */,
				92B0425C2C578E670066B69A /* Preview Content */,
			);
			path = MovieFinder;
			sourceTree = "<group>";
		};
		92B0425C2C578E670066B69A /* Preview Content */ = {
			isa = PBXGroup;
			children = (
				92B0425D2C578E670066B69A /* Preview Assets.xcassets */,
			);
			path = "Preview Content";
			sourceTree = "<group>";
		};
		92B042652C57AF710066B69A /* Models */ = {
			isa = PBXGroup;
			children = (
				92B042662C57AF900066B69A /* MovieModels.swift */,
			);
			path = Models;
			sourceTree = "<group>";
		};
		92B042682C57B3870066B69A /* Views */ = {
			isa = PBXGroup;
			children = (
				92B042692C57B3FD0066B69A /* MoviesListViewModel.swift */,
				92B042582C578E660066B69A /* ContentView.swift */,
				92B042702C57DF180066B69A /* MoviesListView.swift */,
				92F2A6152C58D23D005014C6 /* MovieDetailView.swift */,
				92F2A6172C58D4DF005014C6 /* MovieDetailViewModel.swift */,
				92F2A6192C58FCA4005014C6 /* MovieListItemView.swift */,
			);
			path = Views;
			sourceTree = "<group>";
		};
		92B0426B2C57DC450066B69A /* Configurations */ = {
			isa = PBXGroup;
			children = (
				92B0426C2C57DC5B0066B69A /* apiConfig.swift */,
			);
			path = Configurations;
			sourceTree = "<group>";
		};
/* End PBXGroup section */

/* Begin PBXNativeTarget section */
		92B042522C578E660066B69A /* MovieFinder */ = {
			isa = PBXNativeTarget;
			buildConfigurationList = 92B042612C578E670066B69A /* Build configuration list for PBXNativeTarget "MovieFinder" */;
			buildPhases = (
				92B0424F2C578E660066B69A /* Sources */,
				92B042502C578E660066B69A /* Frameworks */,
				92B042512C578E660066B69A /* Resources */,
			);
			buildRules = (
			);
			dependencies = (
			);
			name = MovieFinder;
			productName = MovieFinder;
			productReference = 92B042532C578E660066B69A /* MovieFinder.app */;
			productType = "com.apple.product-type.application";
		};
/* End PBXNativeTarget section */

/* Begin PBXProject section */
		92B0424B2C578E660066B69A /* Project object */ = {
			isa = PBXProject;
			attributes = {
				BuildIndependentTargetsInParallel = 1;
				LastSwiftUpdateCheck = 1430;
				LastUpgradeCheck = 1430;
				TargetAttributes = {
					92B042522C578E660066B69A = {
						CreatedOnToolsVersion = 14.3;
					};
				};
			};
			buildConfigurationList = 92B0424E2C578E660066B69A /* Build configuration list for PBXProject "MovieFinder" */;
			compatibilityVersion = "Xcode 14.0";
			developmentRegion = en;
			hasScannedForEncodings = 0;
			knownRegions = (
				en,
				Base,
			);
			mainGroup = 92B0424A2C578E660066B69A;
			productRefGroup = 92B042542C578E660066B69A /* Products */;
			projectDirPath = "";
			projectRoot = "";
			targets = (
				92B042522C578E660066B69A /* MovieFinder */,
			);
		};
/* End PBXProject section */

/* Begin PBXResourcesBuildPhase section */
		92B042512C578E660066B69A /* Resources */ = {
			isa = PBXResourcesBuildPhase;
			buildActionMask = 2147483647;
			files = (
				92B0425E2C578E670066B69A /* Preview Assets.xcassets in Resources */,
				92B0425B2C578E670066B69A /* Assets.xcassets in Resources */,
			);
			runOnlyForDeploymentPostprocessing = 0;
		};
/* End PBXResourcesBuildPhase section */

/* Begin PBXSourcesBuildPhase section */
		92B0424F2C578E660066B69A /* Sources */ = {
			isa = PBXSourcesBuildPhase;
			buildActionMask = 2147483647;
			files = (
				92B042592C578E660066B69A /* ContentView.swift in Sources */,
				92B042672C57AF900066B69A /* MovieModels.swift in Sources */,
				92B0426A2C57B3FD0066B69A /* MoviesListViewModel.swift in Sources */,
				92F2A61A2C58FCA4005014C6 /* MovieListItemView.swift in Sources */,
				92B042712C57DF180066B69A /* MoviesListView.swift in Sources */,
				92F2A6182C58D4DF005014C6 /* MovieDetailViewModel.swift in Sources */,
				92B042572C578E660066B69A /* MovieFinderApp.swift in Sources */,
				92B0426D2C57DC5B0066B69A /* apiConfig.swift in Sources */,
				92F2A6162C58D23D005014C6 /* MovieDetailView.swift in Sources */,
			);
			runOnlyForDeploymentPostprocessing = 0;
		};
/* End PBXSourcesBuildPhase section */

/* Begin XCBuildConfiguration section */
		92B0425F2C578E670066B69A /* Debug */ = {
			isa = XCBuildConfiguration;
			buildSettings = {
				ALWAYS_SEARCH_USER_PATHS = NO;
				CLANG_ANALYZER_NONNULL = YES;
				CLANG_ANALYZER_NUMBER_OBJECT_CONVERSION = YES_AGGRESSIVE;
				CLANG_CXX_LANGUAGE_STANDARD = "gnu++20";
				CLANG_ENABLE_MODULES = YES;
				CLANG_ENABLE_OBJC_ARC = YES;
				CLANG_ENABLE_OBJC_WEAK = YES;
				CLANG_WARN_BLOCK_CAPTURE_AUTORELEASING = YES;
				CLANG_WARN_BOOL_CONVERSION = YES;
				CLANG_WARN_COMMA = YES;
				CLANG_WARN_CONSTANT_CONVERSION = YES;
				CLANG_WARN_DEPRECATED_OBJC_IMPLEMENTATIONS = YES;
				CLANG_WARN_DIRECT_OBJC_ISA_USAGE = YES_ERROR;
				CLANG_WARN_DOCUMENTATION_COMMENTS = YES;
				CLANG_WARN_EMPTY_BODY = YES;
				CLANG_WARN_ENUM_CONVERSION = YES;
				CLANG_WARN_INFINITE_RECURSION = YES;
				CLANG_WARN_INT_CONVERSION = YES;
				CLANG_WARN_NON_LITERAL_NULL_CONVERSION = YES;
				CLANG_WARN_OBJC_IMPLICIT_RETAIN_SELF = YES;
				CLANG_WARN_OBJC_LITERAL_CONVERSION = YES;
				CLANG_WARN_OBJC_ROOT_CLASS = YES_ERROR;
				CLANG_WARN_QUOTED_INCLUDE_IN_FRAMEWORK_HEADER = YES;
				CLANG_WARN_RANGE_LOOP_ANALYSIS = YES;
				CLANG_WARN_STRICT_PROTOTYPES = YES;
				CLANG_WARN_SUSPICIOUS_MOVE = YES;
				CLANG_WARN_UNGUARDED_AVAILABILITY = YES_AGGRESSIVE;
				CLANG_WARN_UNREACHABLE_CODE = YES;
				CLANG_WARN__DUPLICATE_METHOD_MATCH = YES;
				COPY_PHASE_STRIP = NO;
				DEBUG_INFORMATION_FORMAT = dwarf;
				ENABLE_STRICT_OBJC_MSGSEND = YES;
				ENABLE_TESTABILITY = YES;
				GCC_C_LANGUAGE_STANDARD = gnu11;
				GCC_DYNAMIC_NO_PIC = NO;
				GCC_NO_COMMON_BLOCKS = YES;
				GCC_OPTIMIZATION_LEVEL = 0;
				GCC_PREPROCESSOR_DEFINITIONS = (
					"DEBUG=1",
					"$(inherited)",
				);
				GCC_WARN_64_TO_32_BIT_CONVERSION = YES;
				GCC_WARN_ABOUT_RETURN_TYPE = YES_ERROR;
				GCC_WARN_UNDECLARED_SELECTOR = YES;
				GCC_WARN_UNINITIALIZED_AUTOS = YES_AGGRESSIVE;
				GCC_WARN_UNUSED_FUNCTION = YES;
				GCC_WARN_UNUSED_VARIABLE = YES;
				IPHONEOS_DEPLOYMENT_TARGET = 16.4;
				MTL_ENABLE_DEBUG_INFO = INCLUDE_SOURCE;
				MTL_FAST_MATH = YES;
				ONLY_ACTIVE_ARCH = YES;
				SDKROOT = iphoneos;
				SWIFT_ACTIVE_COMPILATION_CONDITIONS = DEBUG;
				SWIFT_OPTIMIZATION_LEVEL = "-Onone";
			};
			name = Debug;
		};
		92B042602C578E670066B69A /* Release */ = {
			isa = XCBuildConfiguration;
			buildSettings = {
				ALWAYS_SEARCH_USER_PATHS = NO;
				CLANG_ANALYZER_NONNULL = YES;
				CLANG_ANALYZER_NUMBER_OBJECT_CONVERSION = YES_AGGRESSIVE;
				CLANG_CXX_LANGUAGE_STANDARD = "gnu++20";
				CLANG_ENABLE_MODULES = YES;
				CLANG_ENABLE_OBJC_ARC = YES;
				CLANG_ENABLE_OBJC_WEAK = YES;
				CLANG_WARN_BLOCK_CAPTURE_AUTORELEASING = YES;
				CLANG_WARN_BOOL_CONVERSION = YES;
				CLANG_WARN_COMMA = YES;
				CLANG_WARN_CONSTANT_CONVERSION = YES;
				CLANG_WARN_DEPRECATED_OBJC_IMPLEMENTATIONS = YES;
				CLANG_WARN_DIRECT_OBJC_ISA_USAGE = YES_ERROR;
				CLANG_WARN_DOCUMENTATION_COMMENTS = YES;
				CLANG_WARN_EMPTY_BODY = YES;
				CLANG_WARN_ENUM_CONVERSION = YES;
				CLANG_WARN_INFINITE_RECURSION = YES;
				CLANG_WARN_INT_CONVERSION = YES;
				CLANG_WARN_NON_LITERAL_NULL_CONVERSION = YES;
				CLANG_WARN_OBJC_IMPLICIT_RETAIN_SELF = YES;
				CLANG_WARN_OBJC_LITERAL_CONVERSION = YES;
				CLANG_WARN_OBJC_ROOT_CLASS = YES_ERROR;
				CLANG_WARN_QUOTED_INCLUDE_IN_FRAMEWORK_HEADER = YES;
				CLANG_WARN_RANGE_LOOP_ANALYSIS = YES;
				CLANG_WARN_STRICT_PROTOTYPES = YES;
				CLANG_WARN_SUSPICIOUS_MOVE = YES;
				CLANG_WARN_UNGUARDED_AVAILABILITY = YES_AGGRESSIVE;
				CLANG_WARN_UNREACHABLE_CODE = YES;
				CLANG_WARN__DUPLICATE_METHOD_MATCH = YES;
				COPY_PHASE_STRIP = NO;
				DEBUG_INFORMATION_FORMAT = "dwarf-with-dsym";
				ENABLE_NS_ASSERTIONS = NO;
				ENABLE_STRICT_OBJC_MSGSEND = YES;
				GCC_C_LANGUAGE_STANDARD = gnu11;
				GCC_NO_COMMON_BLOCKS = YES;
				GCC_WARN_64_TO_32_BIT_CONVERSION = YES;
				GCC_WARN_ABOUT_RETURN_TYPE = YES_ERROR;
				GCC_WARN_UNDECLARED_SELECTOR = YES;
				GCC_WARN_UNINITIALIZED_AUTOS = YES_AGGRESSIVE;
				GCC_WARN_UNUSED_FUNCTION = YES;
				GCC_WARN_UNUSED_VARIABLE = YES;
				IPHONEOS_DEPLOYMENT_TARGET = 16.4;
				MTL_ENABLE_DEBUG_INFO = NO;
				MTL_FAST_MATH = YES;
				SDKROOT = iphoneos;
				SWIFT_COMPILATION_MODE = wholemodule;
				SWIFT_OPTIMIZATION_LEVEL = "-O";
				VALIDATE_PRODUCT = YES;
			};
			name = Release;
		};
		92B042622C578E670066B69A /* Debug */ = {
			isa = XCBuildConfiguration;
			buildSettings = {
				ASSETCATALOG_COMPILER_APPICON_NAME = AppIcon;
				ASSETCATALOG_COMPILER_GLOBAL_ACCENT_COLOR_NAME = AccentColor;
				CODE_SIGN_STYLE = Automatic;
				CURRENT_PROJECT_VERSION = 1;
				DEVELOPMENT_ASSET_PATHS = "\"MovieFinder/Preview Content\"";
				ENABLE_PREVIEWS = YES;
				GENERATE_INFOPLIST_FILE = YES;
				INFOPLIST_FILE = MovieFinder/Info.plist;
				INFOPLIST_KEY_UIApplicationSceneManifest_Generation = YES;
				INFOPLIST_KEY_UIApplicationSupportsIndirectInputEvents = YES;
				INFOPLIST_KEY_UILaunchScreen_Generation = YES;
				INFOPLIST_KEY_UISupportedInterfaceOrientations_iPad = "UIInterfaceOrientationPortrait UIInterfaceOrientationPortraitUpsideDown UIInterfaceOrientationLandscapeLeft UIInterfaceOrientationLandscapeRight";
				INFOPLIST_KEY_UISupportedInterfaceOrientations_iPhone = "UIInterfaceOrientationPortrait UIInterfaceOrientationLandscapeLeft UIInterfaceOrientationLandscapeRight";
				LD_RUNPATH_SEARCH_PATHS = (
					"$(inherited)",
					"@executable_path/Frameworks",
				);
				MARKETING_VERSION = 1.0;
				NEW_SETTING = "";
				PRODUCT_BUNDLE_IDENTIFIER = com.aryan.singh.MovieFinder;
				PRODUCT_NAME = "$(TARGET_NAME)";
				SWIFT_EMIT_LOC_STRINGS = YES;
				SWIFT_VERSION = 5.0;
				TARGETED_DEVICE_FAMILY = "1,2";
			};
			name = Debug;
		};
		92B042632C578E670066B69A /* Release */ = {
			isa = XCBuildConfiguration;
			buildSettings = {
				ASSETCATALOG_COMPILER_APPICON_NAME = AppIcon;
				ASSETCATALOG_COMPILER_GLOBAL_ACCENT_COLOR_NAME = AccentColor;
				CODE_SIGN_STYLE = Automatic;
				CURRENT_PROJECT_VERSION = 1;
				DEVELOPMENT_ASSET_PATHS = "\"MovieFinder/Preview Content\"";
				ENABLE_PREVIEWS = YES;
				GENERATE_INFOPLIST_FILE = YES;
				INFOPLIST_FILE = MovieFinder/Info.plist;
				INFOPLIST_KEY_UIApplicationSceneManifest_Generation = YES;
				INFOPLIST_KEY_UIApplicationSupportsIndirectInputEvents = YES;
				INFOPLIST_KEY_UILaunchScreen_Generation = YES;
				INFOPLIST_KEY_UISupportedInterfaceOrientations_iPad = "UIInterfaceOrientationPortrait UIInterfaceOrientationPortraitUpsideDown UIInterfaceOrientationLandscapeLeft UIInterfaceOrientationLandscapeRight";
				INFOPLIST_KEY_UISupportedInterfaceOrientations_iPhone = "UIInterfaceOrientationPortrait UIInterfaceOrientationLandscapeLeft UIInterfaceOrientationLandscapeRight";
				LD_RUNPATH_SEARCH_PATHS = (
					"$(inherited)",
					"@executable_path/Frameworks",
				);
				MARKETING_VERSION = 1.0;
				NEW_SETTING = "";
				PRODUCT_BUNDLE_IDENTIFIER = com.aryan.singh.MovieFinder;
				PRODUCT_NAME = "$(TARGET_NAME)";
				SWIFT_EMIT_LOC_STRINGS = YES;
				SWIFT_VERSION = 5.0;
				TARGETED_DEVICE_FAMILY = "1,2";
			};
			name = Release;
		};
/* End XCBuildConfiguration section */

/* Begin XCConfigurationList section */
		92B0424E2C578E660066B69A /* Build configuration list for PBXProject "MovieFinder" */ = {
			isa = XCConfigurationList;
			buildConfigurations = (
				92B0425F2C578E670066B69A /* Debug */,
				92B042602C578E670066B69A /* Release */,
			);
			defaultConfigurationIsVisible = 0;
			defaultConfigurationName = Release;
		};
		92B042612C578E670066B69A /* Build configuration list for PBXNativeTarget "MovieFinder" */ = {
			isa = XCConfigurationList;
			buildConfigurations = (
				92B042622C578E670066B69A /* Debug */,
				92B042632C578E670066B69A /* Release */,
			);
			defaultConfigurationIsVisible = 0;
			defaultConfigurationName = Release;
		};
/* End XCConfigurationList section */
	};
	rootObject = 92B0424B2C578E660066B69A /* Project object */;
}
